<?xml version="1.0" encoding="utf-8"?>
<Project ToolsVersion="4.0" xmlns="http://schemas.microsoft.com/developer/msbuild/2003">
  <ItemGroup>
    <Filter Include="Source Files">
      <UniqueIdentifier>{4FC737F1-C7A5-4376-A066-2A32D752A2FF}</UniqueIdentifier>
      <Extensions>cpp;c;cc;cxx;def;odl;idl;hpj;bat;asm;asmx</Extensions>
    </Filter>
    <Filter Include="Header Files">
      <UniqueIdentifier>{93995380-89BD-4b04-88EB-625FBE52EBFB}</UniqueIdentifier>
      <Extensions>h;hh;hpp;hxx;hm;inl;inc;xsd</Extensions>
    </Filter>
    <Filter Include="Resource Files">
      <UniqueIdentifier>{67DA6AB6-F800-4c08-8B7A-83BB121AAD01}</UniqueIdentifier>
      <Extensions>rc;ico;cur;bmp;dlg;rc2;rct;bin;rgs;gif;jpg;jpeg;jpe;resx;tiff;tif;png;wav;mfcribbon-ms</Extensions>
    </Filter>
    <Filter Include="SimpleYaml">
      <UniqueIdentifier>{7496c54c-c9b5-4cb9-9efb-b6dc8eed6979}</UniqueIdentifier>
    </Filter>
    <Filter Include="SimpleYaml\Header Files">
      <UniqueIdentifier>{db4009d7-e8d9-4e19-916b-7bc0c5e9f357}</UniqueIdentifier>
    </Filter>
    <Filter Include="SimpleYaml\Source Files">
      <UniqueIdentifier>{e2ba3fab-861b-4f00-9c26-76f8da67a7d4}</UniqueIdentifier>
    </Filter>
    <Filter Include="Jinxes">
      <UniqueIdentifier>{48b23036-921e-40db-8ee6-77036eabd005}</UniqueIdentifier>
    </Filter>
  </ItemGroup>
  <ItemGroup>
    <ClCompile Include="CGameItem.cpp">
      <Filter>Source Files</Filter>
    </ClCompile>
    <ClCompile Include="ItemTester.cpp">
      <Filter>Source Files</Filter>
    </ClCompile>
    <ClCompile Include="CWeapon.cpp">
      <Filter>Source Files</Filter>
    </ClCompile>
    <ClCompile Include="CArmor.cpp">
      <Filter>Source Files</Filter>
    </ClCompile>
    <ClCompile Include="YamlKeyValuePair.cpp">
      <Filter>SimpleYaml\Source Files</Filter>
    </ClCompile>
    <ClCompile Include="YamlContainer.cpp">
      <Filter>SimpleYaml\Source Files</Filter>
    </ClCompile>
    <ClCompile Include="YamlList.cpp">
      <Filter>SimpleYaml\Source Files</Filter>
    </ClCompile>
    <ClCompile Include="Player.cpp">
      <Filter>Source Files</Filter>
    </ClCompile>
    <ClCompile Include="Monster.cpp">
      <Filter>Source Files</Filter>
    </ClCompile>
    <ClCompile Include="Room.cpp">
      <Filter>Source Files</Filter>
    </ClCompile>
    <ClCompile Include="I18n.cpp">
      <Filter>Source Files</Filter>
    </ClCompile>
    <ClCompile Include="Game.cpp">
      <Filter>Source Files</Filter>
    </ClCompile>
    <ClCompile Include="LootTables.cpp">
      <Filter>Source Files</Filter>
    </ClCompile>
  </ItemGroup>
  <ItemGroup>
    <ClInclude Include="CGameItem.h">
      <Filter>Header Files</Filter>
    </ClInclude>
    <ClInclude Include="CWeapon.h">
      <Filter>Header Files</Filter>
    </ClInclude>
    <ClInclude Include="CArmor.h">
      <Filter>Header Files</Filter>
    </ClInclude>
    <ClInclude Include="IYamlEntity.h">
      <Filter>SimpleYaml\Header Files</Filter>
    </ClInclude>
    <ClInclude Include="YamlKeyValuePair.h">
      <Filter>SimpleYaml\Header Files</Filter>
    </ClInclude>
    <ClInclude Include="YamlContainer.h">
      <Filter>SimpleYaml\Header Files</Filter>
    </ClInclude>
    <ClInclude Include="YamlList.h">
      <Filter>SimpleYaml\Header Files</Filter>
    </ClInclude>
    <ClInclude Include="SimpleYaml.h">
      <Filter>SimpleYaml\Header Files</Filter>
    </ClInclude>
    <ClInclude Include="Player.h">
      <Filter>Header Files</Filter>
    </ClInclude>
    <ClInclude Include="Monster.h">
      <Filter>Header Files</Filter>
    </ClInclude>
    <ClInclude Include="Room.h">
      <Filter>Header Files</Filter>
    </ClInclude>
    <ClInclude Include="I18n.h">
      <Filter>Header Files</Filter>
    </ClInclude>
    <ClInclude Include="Game.h">
      <Filter>Header Files</Filter>
    </ClInclude>
    <ClInclude Include="LootTables.h">
      <Filter>Header Files</Filter>
    </ClInclude>
    <ClInclude Include="Utils.h">
      <Filter>SimpleYaml\Header Files</Filter>
    </ClInclude>
    <ClInclude Include="Jinxes.h">
      <Filter>Jinxes</Filter>
    </ClInclude>
    <ClInclude Include="WinConsole.h">
      <Filter>Jinxes</Filter>
    </ClInclude>
    <ClInclude Include="Color.h">
      <Filter>Jinxes</Filter>
    </ClInclude>
  </ItemGroup>
  <ItemGroup>
    <None Include="Rooms.yaml" />
    <None Include="Monsters.yaml" />
    <None Include="LootTables.yaml" />
    <None Include="I18n.yaml" />
  </ItemGroup>
  <ItemGroup>
    <Text Include="Armors.yaml" />
  </ItemGroup>
</Project>